
Microsoft Visual Studio Solution File, Format Version 12.00
# Visual Studio Version 16
VisualStudioVersion = 16.0.810.14
MinimumVisualStudioVersion = 10.0.40219.1
Project("{FAE04EC0-301F-11D3-BF4B-00C04F79EFBC}") = "AdventOfCode2021", "AdventOfCode2021.csproj", "{C5197147-8C96-4CEB-87E9-6DD9629DC639}"
EndProject
Global
	GlobalSection(SolutionConfigurationPlatforms) = preSolution
		Debug|Any CPU = Debug|Any CPU
		Release|Any CPU = Release|Any CPU
	EndGlobalSection
	GlobalSection(ProjectConfigurationPlatforms) = postSolution
		{C5197147-8C96-4CEB-87E9-6DD9629DC639}.Debug|Any CPU.ActiveCfg = Debug|Any CPU
		{C5197147-8C96-4CEB-87E9-6DD9629DC639}.Debug|Any CPU.Build.0 = Debug|Any CPU
		{C5197147-8C96-4CEB-87E9-6DD9629DC639}.Release|Any CPU.ActiveCfg = Release|Any CPU
		{C5197147-8C96-4CEB-87E9-6DD9629DC639}.Release|Any CPU.Build.0 = Release|Any CPU
	EndGlobalSection
	GlobalSection(SolutionProperties) = preSolution
		HideSolutionNode = FALSE
	EndGlobalSection
	GlobalSection(ExtensibilityGlobals) = postSolution
		SolutionGuid = {C13BD4A8-B441-44D0-AADC-27DA4B48E8D2}
	EndGlobalSection
	GlobalSection(MonoDevelopProperties) = preSolution
		Policies = $0
		$0.DotNetNamingPolicy = $1
		$1.DirectoryNamespaceAssociation = PrefixedHierarchical
		$0.VersionControlPolicy = $2
	EndGlobalSection
EndGlobal
